
Microsoft Visual Studio Solution File, Format Version 12.00
# Visual Studio Version 17
VisualStudioVersion = 17.3.32811.315
MinimumVisualStudioVersion = 10.0.40219.1
Project("{FAE04EC0-301F-11D3-BF4B-00C04F79EFBC}") = "CarMaintenanceChekReportApplication", "CarMaintenanceChekReportApplication\CarMaintenanceChekReportApplication.csproj", "{046377D2-AFA0-4FA7-BD6B-1D5CB469E640}"
EndProject
Global
	GlobalSection(SolutionConfigurationPlatforms) = preSolution
		Debug|Any CPU = Debug|Any CPU
		Release|Any CPU = Release|Any CPU
	EndGlobalSection
	GlobalSection(ProjectConfigurationPlatforms) = postSolution
		{046377D2-AFA0-4FA7-BD6B-1D5CB469E640}.Debug|Any CPU.ActiveCfg = Debug|Any CPU
		{046377D2-AFA0-4FA7-BD6B-1D5CB469E640}.Debug|Any CPU.Build.0 = Debug|Any CPU
		{046377D2-AFA0-4FA7-BD6B-1D5CB469E640}.Release|Any CPU.ActiveCfg = Release|Any CPU
		{046377D2-AFA0-4FA7-BD6B-1D5CB469E640}.Release|Any CPU.Build.0 = Release|Any CPU
	EndGlobalSection
	GlobalSection(SolutionProperties) = preSolution
		HideSolutionNode = FALSE
	EndGlobalSection
	GlobalSection(ExtensibilityGlobals) = postSolution
		SolutionGuid = {F026A412-E572-412F-B008-DFCD13DCF5BE}
	EndGlobalSection
EndGlobal
